dependencies:
- name: api
  repository: file://charts/api
  version: 0.1.0
- name: cubejs
  repository: file://charts/cubejs
  version: 0.1.0
- name: postgresql
  repository: https://charts.bitnami.com/bitnami
  version: 12.5.5
- name: app
  repository: file://charts/app
  version: 0.1.0
digest: sha256:ae1022e6686fb3cbe65f801e009ac430acf20439044a3dcd84be45697d2eb03c
generated: "2024-12-23T10:08:00.99974-08:00"
