dependencies:
- name: api
  repository: file://charts/api
  version: 0.1.0
- name: cubejs
  repository: file://charts/cubejs
  version: 0.1.0
- name: postgresql
  repository: https://charts.bitnami.com/bitnami
  version: 12.5.5
- name: redis
  repository: https://charts.bitnami.com/bitnami
  version: 17.11.3
digest: sha256:06ca0492e88c86dcb99f39f77a89a000b7c763bb7e14dffe8d968c2001d5d5f9
generated: "2024-12-20T08:41:18.148-08:00"
